PODS:
  - PromiseKit (6.15.3):
    - PromiseKit/CorePromise (= 6.15.3)
    - PromiseKit/Foundation (= 6.15.3)
    - PromiseKit/UIKit (= 6.15.3)
  - PromiseKit/CorePromise (6.15.3)
  - PromiseKit/Foundation (6.15.3):
    - PromiseKit/CorePromise
  - PromiseKit/UIKit (6.15.3):
    - PromiseKit/CorePromise
  - SnapKit (5.0.1)

DEPENDENCIES:
  - PromiseKit
  - SnapKit (~> 5.0.0)

SPEC REPOS:
  https://github.com/CocoaPods/Specs.git:
    - PromiseKit
    - SnapKit

SPEC CHECKSUMS:
  PromiseKit: 3b2b6995e51a954c46dbc550ce3da44fbfb563c5
  SnapKit: 97b92857e3df3a0c71833cce143274bf6ef8e5eb

PODFILE CHECKSUM: fcbd4e6a5bdcd3672534f08e1556c72c88e16ed9

COCOAPODS: 1.10.2
