// !$*UTF8*$!
{
	archiveVersion = 1;
	classes = {
	};
	objectVersion = 51;
	objects = {

/* Begin PBXBuildFile section */
		1A5D4F00B7C3635B8BA5EBAF /* Pods_stock_exchange_stock_exchangeUITests.framework in Frameworks */ = {isa = PBXBuildFile; fileRef = 4D28C0221BBF7782F6A2F893 /* Pods_stock_exchange_stock_exchangeUITests.framework */; };
		80303DDC26FA0F950017F13B /* MainCollectionViewCell.swift in Sources */ = {isa = PBXBuildFile; fileRef = 80303DDB26FA0F950017F13B /* MainCollectionViewCell.swift */; };
		80303DE026FA13CB0017F13B /* MainCollectionManager.swift in Sources */ = {isa = PBXBuildFile; fileRef = 80303DDF26FA13CB0017F13B /* MainCollectionManager.swift */; };
		8067C36926F3576B002A96B0 /* MainTableViewCell.swift in Sources */ = {isa = PBXBuildFile; fileRef = 8067C36826F3576B002A96B0 /* MainTableViewCell.swift */; };
		8078201C27046D9900F725CD /* DetailsView.swift in Sources */ = {isa = PBXBuildFile; fileRef = 8078201B27046D9900F725CD /* DetailsView.swift */; };
		80782020270B01E400F725CD /* DetailsDataFlow.swift in Sources */ = {isa = PBXBuildFile; fileRef = 8078201F270B01E400F725CD /* DetailsDataFlow.swift */; };
		80782024270B030E00F725CD /* DetailsProvider.swift in Sources */ = {isa = PBXBuildFile; fileRef = 80782023270B030E00F725CD /* DetailsProvider.swift */; };
		8080499A26FCB85D001BDA88 /* MainCollectionTableViewCell.swift in Sources */ = {isa = PBXBuildFile; fileRef = 8080499926FCB85D001BDA88 /* MainCollectionTableViewCell.swift */; };
		8080499E26FDB7E1001BDA88 /* DetailsViewController.swift in Sources */ = {isa = PBXBuildFile; fileRef = 8080499D26FDB7E1001BDA88 /* DetailsViewController.swift */; };
		808049A026FDB82E001BDA88 /* DetailsInteractor.swift in Sources */ = {isa = PBXBuildFile; fileRef = 8080499F26FDB82E001BDA88 /* DetailsInteractor.swift */; };
		808049A226FDB83B001BDA88 /* DetailsPresenter.swift in Sources */ = {isa = PBXBuildFile; fileRef = 808049A126FDB83B001BDA88 /* DetailsPresenter.swift */; };
		808049A426FE0873001BDA88 /* MainScreenRouter.swift in Sources */ = {isa = PBXBuildFile; fileRef = 808049A326FE0873001BDA88 /* MainScreenRouter.swift */; };
		808049A626FE19A3001BDA88 /* QuoteDataStore.swift in Sources */ = {isa = PBXBuildFile; fileRef = 808049A526FE19A3001BDA88 /* QuoteDataStore.swift */; };
		8093B39226D3E04900B5F77A /* AppDelegate.swift in Sources */ = {isa = PBXBuildFile; fileRef = 8093B39126D3E04900B5F77A /* AppDelegate.swift */; };
		8093B39426D3E04900B5F77A /* SceneDelegate.swift in Sources */ = {isa = PBXBuildFile; fileRef = 8093B39326D3E04900B5F77A /* SceneDelegate.swift */; };
		8093B39626D3E04900B5F77A /* MainViewController.swift in Sources */ = {isa = PBXBuildFile; fileRef = 8093B39526D3E04900B5F77A /* MainViewController.swift */; };
		8093B39C26D3E04900B5F77A /* stock_exchange.xcdatamodeld in Sources */ = {isa = PBXBuildFile; fileRef = 8093B39A26D3E04900B5F77A /* stock_exchange.xcdatamodeld */; };
		8093B39E26D3E04A00B5F77A /* Assets.xcassets in Resources */ = {isa = PBXBuildFile; fileRef = 8093B39D26D3E04A00B5F77A /* Assets.xcassets */; };
		8093B3A126D3E04A00B5F77A /* LaunchScreen.storyboard in Resources */ = {isa = PBXBuildFile; fileRef = 8093B39F26D3E04A00B5F77A /* LaunchScreen.storyboard */; };
		8093B3AC26D3E04A00B5F77A /* stock_exchangeTests.swift in Sources */ = {isa = PBXBuildFile; fileRef = 8093B3AB26D3E04A00B5F77A /* stock_exchangeTests.swift */; };
		8093B3B726D3E04A00B5F77A /* stock_exchangeUITests.swift in Sources */ = {isa = PBXBuildFile; fileRef = 8093B3B626D3E04A00B5F77A /* stock_exchangeUITests.swift */; };
		809EB5BA26F12D4C0012EA0C /* MainView.swift in Sources */ = {isa = PBXBuildFile; fileRef = 809EB5B926F12D4C0012EA0C /* MainView.swift */; };
		809EB5BC26F132650012EA0C /* MainInteractor.swift in Sources */ = {isa = PBXBuildFile; fileRef = 809EB5BB26F132650012EA0C /* MainInteractor.swift */; };
		809EB5BE26F133320012EA0C /* MainPresenter.swift in Sources */ = {isa = PBXBuildFile; fileRef = 809EB5BD26F133320012EA0C /* MainPresenter.swift */; };
		809EB5C026F1349B0012EA0C /* MainDataFlow.swift in Sources */ = {isa = PBXBuildFile; fileRef = 809EB5BF26F1349B0012EA0C /* MainDataFlow.swift */; };
		809EB5C226F13E9B0012EA0C /* MainTableManager.swift in Sources */ = {isa = PBXBuildFile; fileRef = 809EB5C126F13E9B0012EA0C /* MainTableManager.swift */; };
		809EB5C426F144D40012EA0C /* MainFactory.swift in Sources */ = {isa = PBXBuildFile; fileRef = 809EB5C326F144D40012EA0C /* MainFactory.swift */; };
		80A00A0426D672EE008DB344 /* MainService.swift in Sources */ = {isa = PBXBuildFile; fileRef = 80A00A0326D672ED008DB344 /* MainService.swift */; };
		80A00A0626D672F9008DB344 /* MainProvider.swift in Sources */ = {isa = PBXBuildFile; fileRef = 80A00A0526D672F9008DB344 /* MainProvider.swift */; };
		80A00A1026D6C06E008DB344 /* CustomLabel.swift in Sources */ = {isa = PBXBuildFile; fileRef = 80A00A0F26D6C06E008DB344 /* CustomLabel.swift */; };
		80BD0894272EC20E00B2877E /* LogoBox.swift in Sources */ = {isa = PBXBuildFile; fileRef = 80BD0893272EC20E00B2877E /* LogoBox.swift */; };
		D4417490B829B29FBCA8A794 /* Pods_stock_exchangeTests.framework in Frameworks */ = {isa = PBXBuildFile; fileRef = F47A8F96E67A7CC063CBE2DC /* Pods_stock_exchangeTests.framework */; };
		F5188F6DB9BD0AE0E149E61E /* Pods_stock_exchange.framework in Frameworks */ = {isa = PBXBuildFile; fileRef = 21BCE986B367A58BCEAE019A /* Pods_stock_exchange.framework */; };
/* End PBXBuildFile section */

/* Begin PBXContainerItemProxy section */
		8093B3A826D3E04A00B5F77A /* PBXContainerItemProxy */ = {
			isa = PBXContainerItemProxy;
			containerPortal = 8093B38626D3E04900B5F77A /* Project object */;
			proxyType = 1;
			remoteGlobalIDString = 8093B38D26D3E04900B5F77A;
			remoteInfo = "stock-exchange";
		};
		8093B3B326D3E04A00B5F77A /* PBXContainerItemProxy */ = {
			isa = PBXContainerItemProxy;
			containerPortal = 8093B38626D3E04900B5F77A /* Project object */;
			proxyType = 1;
			remoteGlobalIDString = 8093B38D26D3E04900B5F77A;
			remoteInfo = "stock-exchange";
		};
/* End PBXContainerItemProxy section */

/* Begin PBXFileReference section */
		21BCE986B367A58BCEAE019A /* Pods_stock_exchange.framework */ = {isa = PBXFileReference; explicitFileType = wrapper.framework; includeInIndex = 0; path = Pods_stock_exchange.framework; sourceTree = BUILT_PRODUCTS_DIR; };
		4D28C0221BBF7782F6A2F893 /* Pods_stock_exchange_stock_exchangeUITests.framework */ = {isa = PBXFileReference; explicitFileType = wrapper.framework; includeInIndex = 0; path = Pods_stock_exchange_stock_exchangeUITests.framework; sourceTree = BUILT_PRODUCTS_DIR; };
		78D63AAFB04246F7A0A01EE9 /* Pods-stock-exchangeTests.debug.xcconfig */ = {isa = PBXFileReference; includeInIndex = 1; lastKnownFileType = text.xcconfig; name = "Pods-stock-exchangeTests.debug.xcconfig"; path = "Target Support Files/Pods-stock-exchangeTests/Pods-stock-exchangeTests.debug.xcconfig"; sourceTree = "<group>"; };
		80303DDB26FA0F950017F13B /* MainCollectionViewCell.swift */ = {isa = PBXFileReference; lastKnownFileType = sourcecode.swift; path = MainCollectionViewCell.swift; sourceTree = "<group>"; };
		80303DDF26FA13CB0017F13B /* MainCollectionManager.swift */ = {isa = PBXFileReference; lastKnownFileType = sourcecode.swift; path = MainCollectionManager.swift; sourceTree = "<group>"; };
		8067C36826F3576B002A96B0 /* MainTableViewCell.swift */ = {isa = PBXFileReference; lastKnownFileType = sourcecode.swift; path = MainTableViewCell.swift; sourceTree = "<group>"; };
		8078201B27046D9900F725CD /* DetailsView.swift */ = {isa = PBXFileReference; lastKnownFileType = sourcecode.swift; path = DetailsView.swift; sourceTree = "<group>"; };
		8078201F270B01E400F725CD /* DetailsDataFlow.swift */ = {isa = PBXFileReference; lastKnownFileType = sourcecode.swift; path = DetailsDataFlow.swift; sourceTree = "<group>"; };
		80782023270B030E00F725CD /* DetailsProvider.swift */ = {isa = PBXFileReference; lastKnownFileType = sourcecode.swift; path = DetailsProvider.swift; sourceTree = "<group>"; };
		8080499926FCB85D001BDA88 /* MainCollectionTableViewCell.swift */ = {isa = PBXFileReference; lastKnownFileType = sourcecode.swift; path = MainCollectionTableViewCell.swift; sourceTree = "<group>"; };
		8080499D26FDB7E1001BDA88 /* DetailsViewController.swift */ = {isa = PBXFileReference; lastKnownFileType = sourcecode.swift; path = DetailsViewController.swift; sourceTree = "<group>"; };
		8080499F26FDB82E001BDA88 /* DetailsInteractor.swift */ = {isa = PBXFileReference; lastKnownFileType = sourcecode.swift; path = DetailsInteractor.swift; sourceTree = "<group>"; };
		808049A126FDB83B001BDA88 /* DetailsPresenter.swift */ = {isa = PBXFileReference; lastKnownFileType = sourcecode.swift; path = DetailsPresenter.swift; sourceTree = "<group>"; };
		808049A326FE0873001BDA88 /* MainScreenRouter.swift */ = {isa = PBXFileReference; lastKnownFileType = sourcecode.swift; path = MainScreenRouter.swift; sourceTree = "<group>"; };
		808049A526FE19A3001BDA88 /* QuoteDataStore.swift */ = {isa = PBXFileReference; lastKnownFileType = sourcecode.swift; path = QuoteDataStore.swift; sourceTree = "<group>"; };
		8093B38E26D3E04900B5F77A /* stock-exchange.app */ = {isa = PBXFileReference; explicitFileType = wrapper.application; includeInIndex = 0; path = "stock-exchange.app"; sourceTree = BUILT_PRODUCTS_DIR; };
		8093B39126D3E04900B5F77A /* AppDelegate.swift */ = {isa = PBXFileReference; lastKnownFileType = sourcecode.swift; path = AppDelegate.swift; sourceTree = "<group>"; };
		8093B39326D3E04900B5F77A /* SceneDelegate.swift */ = {isa = PBXFileReference; lastKnownFileType = sourcecode.swift; path = SceneDelegate.swift; sourceTree = "<group>"; };
		8093B39526D3E04900B5F77A /* MainViewController.swift */ = {isa = PBXFileReference; lastKnownFileType = sourcecode.swift; path = MainViewController.swift; sourceTree = "<group>"; };
		8093B39B26D3E04900B5F77A /* stock_exchange.xcdatamodel */ = {isa = PBXFileReference; lastKnownFileType = wrapper.xcdatamodel; path = stock_exchange.xcdatamodel; sourceTree = "<group>"; };
		8093B39D26D3E04A00B5F77A /* Assets.xcassets */ = {isa = PBXFileReference; lastKnownFileType = folder.assetcatalog; path = Assets.xcassets; sourceTree = "<group>"; };
		8093B3A026D3E04A00B5F77A /* Base */ = {isa = PBXFileReference; lastKnownFileType = file.storyboard; name = Base; path = Base.lproj/LaunchScreen.storyboard; sourceTree = "<group>"; };
		8093B3A226D3E04A00B5F77A /* Info.plist */ = {isa = PBXFileReference; lastKnownFileType = text.plist.xml; path = Info.plist; sourceTree = "<group>"; };
		8093B3A726D3E04A00B5F77A /* stock-exchangeTests.xctest */ = {isa = PBXFileReference; explicitFileType = wrapper.cfbundle; includeInIndex = 0; path = "stock-exchangeTests.xctest"; sourceTree = BUILT_PRODUCTS_DIR; };
		8093B3AB26D3E04A00B5F77A /* stock_exchangeTests.swift */ = {isa = PBXFileReference; lastKnownFileType = sourcecode.swift; path = stock_exchangeTests.swift; sourceTree = "<group>"; };
		8093B3AD26D3E04A00B5F77A /* Info.plist */ = {isa = PBXFileReference; lastKnownFileType = text.plist.xml; path = Info.plist; sourceTree = "<group>"; };
		8093B3B226D3E04A00B5F77A /* stock-exchangeUITests.xctest */ = {isa = PBXFileReference; explicitFileType = wrapper.cfbundle; includeInIndex = 0; path = "stock-exchangeUITests.xctest"; sourceTree = BUILT_PRODUCTS_DIR; };
		8093B3B626D3E04A00B5F77A /* stock_exchangeUITests.swift */ = {isa = PBXFileReference; lastKnownFileType = sourcecode.swift; path = stock_exchangeUITests.swift; sourceTree = "<group>"; };
		8093B3B826D3E04A00B5F77A /* Info.plist */ = {isa = PBXFileReference; lastKnownFileType = text.plist.xml; path = Info.plist; sourceTree = "<group>"; };
		809EB5B926F12D4C0012EA0C /* MainView.swift */ = {isa = PBXFileReference; lastKnownFileType = sourcecode.swift; path = MainView.swift; sourceTree = "<group>"; };
		809EB5BB26F132650012EA0C /* MainInteractor.swift */ = {isa = PBXFileReference; lastKnownFileType = sourcecode.swift; path = MainInteractor.swift; sourceTree = "<group>"; };
		809EB5BD26F133320012EA0C /* MainPresenter.swift */ = {isa = PBXFileReference; lastKnownFileType = sourcecode.swift; path = MainPresenter.swift; sourceTree = "<group>"; };
		809EB5BF26F1349B0012EA0C /* MainDataFlow.swift */ = {isa = PBXFileReference; lastKnownFileType = sourcecode.swift; path = MainDataFlow.swift; sourceTree = "<group>"; };
		809EB5C126F13E9B0012EA0C /* MainTableManager.swift */ = {isa = PBXFileReference; lastKnownFileType = sourcecode.swift; path = MainTableManager.swift; sourceTree = "<group>"; };
		809EB5C326F144D40012EA0C /* MainFactory.swift */ = {isa = PBXFileReference; lastKnownFileType = sourcecode.swift; path = MainFactory.swift; sourceTree = "<group>"; };
		80A00A0326D672ED008DB344 /* MainService.swift */ = {isa = PBXFileReference; lastKnownFileType = sourcecode.swift; path = MainService.swift; sourceTree = "<group>"; };
		80A00A0526D672F9008DB344 /* MainProvider.swift */ = {isa = PBXFileReference; lastKnownFileType = sourcecode.swift; path = MainProvider.swift; sourceTree = "<group>"; };
		80A00A0F26D6C06E008DB344 /* CustomLabel.swift */ = {isa = PBXFileReference; lastKnownFileType = sourcecode.swift; path = CustomLabel.swift; sourceTree = "<group>"; };
		80BD0893272EC20E00B2877E /* LogoBox.swift */ = {isa = PBXFileReference; lastKnownFileType = sourcecode.swift; path = LogoBox.swift; sourceTree = "<group>"; };
		85B0CBCB5546FB55EED6FB05 /* Pods-stock-exchangeTests.release.xcconfig */ = {isa = PBXFileReference; includeInIndex = 1; lastKnownFileType = text.xcconfig; name = "Pods-stock-exchangeTests.release.xcconfig"; path = "Target Support Files/Pods-stock-exchangeTests/Pods-stock-exchangeTests.release.xcconfig"; sourceTree = "<group>"; };
		87BDD6CC211140E9E0097403 /* Pods-stock-exchange.release.xcconfig */ = {isa = PBXFileReference; includeInIndex = 1; lastKnownFileType = text.xcconfig; name = "Pods-stock-exchange.release.xcconfig"; path = "Target Support Files/Pods-stock-exchange/Pods-stock-exchange.release.xcconfig"; sourceTree = "<group>"; };
		D8265026F0CD69483B623257 /* Pods-stock-exchange-stock-exchangeUITests.debug.xcconfig */ = {isa = PBXFileReference; includeInIndex = 1; lastKnownFileType = text.xcconfig; name = "Pods-stock-exchange-stock-exchangeUITests.debug.xcconfig"; path = "Target Support Files/Pods-stock-exchange-stock-exchangeUITests/Pods-stock-exchange-stock-exchangeUITests.debug.xcconfig"; sourceTree = "<group>"; };
		E936F77DD3FC5B4E7E04C799 /* Pods-stock-exchange.debug.xcconfig */ = {isa = PBXFileReference; includeInIndex = 1; lastKnownFileType = text.xcconfig; name = "Pods-stock-exchange.debug.xcconfig"; path = "Target Support Files/Pods-stock-exchange/Pods-stock-exchange.debug.xcconfig"; sourceTree = "<group>"; };
		F47A8F96E67A7CC063CBE2DC /* Pods_stock_exchangeTests.framework */ = {isa = PBXFileReference; explicitFileType = wrapper.framework; includeInIndex = 0; path = Pods_stock_exchangeTests.framework; sourceTree = BUILT_PRODUCTS_DIR; };
		F752BA442C32EAD2A963D861 /* Pods-stock-exchange-stock-exchangeUITests.release.xcconfig */ = {isa = PBXFileReference; includeInIndex = 1; lastKnownFileType = text.xcconfig; name = "Pods-stock-exchange-stock-exchangeUITests.release.xcconfig"; path = "Target Support Files/Pods-stock-exchange-stock-exchangeUITests/Pods-stock-exchange-stock-exchangeUITests.release.xcconfig"; sourceTree = "<group>"; };
/* End PBXFileReference section */

/* Begin PBXFrameworksBuildPhase section */
		8093B38B26D3E04900B5F77A /* Frameworks */ = {
			isa = PBXFrameworksBuildPhase;
			buildActionMask = 2147483647;
			files = (
				F5188F6DB9BD0AE0E149E61E /* Pods_stock_exchange.framework in Frameworks */,
			);
			runOnlyForDeploymentPostprocessing = 0;
		};
		8093B3A426D3E04A00B5F77A /* Frameworks */ = {
			isa = PBXFrameworksBuildPhase;
			buildActionMask = 2147483647;
			files = (
				D4417490B829B29FBCA8A794 /* Pods_stock_exchangeTests.framework in Frameworks */,
			);
			runOnlyForDeploymentPostprocessing = 0;
		};
		8093B3AF26D3E04A00B5F77A /* Frameworks */ = {
			isa = PBXFrameworksBuildPhase;
			buildActionMask = 2147483647;
			files = (
				1A5D4F00B7C3635B8BA5EBAF /* Pods_stock_exchange_stock_exchangeUITests.framework in Frameworks */,
			);
			runOnlyForDeploymentPostprocessing = 0;
		};
/* End PBXFrameworksBuildPhase section */

/* Begin PBXGroup section */
		1071C96656CA7B195131C252 /* Frameworks */ = {
			isa = PBXGroup;
			children = (
				21BCE986B367A58BCEAE019A /* Pods_stock_exchange.framework */,
				4D28C0221BBF7782F6A2F893 /* Pods_stock_exchange_stock_exchangeUITests.framework */,
				F47A8F96E67A7CC063CBE2DC /* Pods_stock_exchangeTests.framework */,
			);
			name = Frameworks;
			sourceTree = "<group>";
		};
		8062AC8F26FE2F53003F3B80 /* Common */ = {
			isa = PBXGroup;
			children = (
				80BD0892272EC20000B2877E /* View */,
				80A0098526D52C12008DB344 /* Models */,
			);
			path = Common;
			sourceTree = "<group>";
		};
		8078201A27032B1D00F725CD /* View */ = {
			isa = PBXGroup;
			children = (
				8078201B27046D9900F725CD /* DetailsView.swift */,
			);
			path = View;
			sourceTree = "<group>";
		};
		80782022270B02FA00F725CD /* Provider */ = {
			isa = PBXGroup;
			children = (
				80782023270B030E00F725CD /* DetailsProvider.swift */,
			);
			path = Provider;
			sourceTree = "<group>";
		};
		8080499B26FDB2B6001BDA88 /* MainScreen */ = {
			isa = PBXGroup;
			children = (
				809EB5C326F144D40012EA0C /* MainFactory.swift */,
				8093B39526D3E04900B5F77A /* MainViewController.swift */,
				809EB5BB26F132650012EA0C /* MainInteractor.swift */,
				809EB5BD26F133320012EA0C /* MainPresenter.swift */,
				808049A326FE0873001BDA88 /* MainScreenRouter.swift */,
				809EB5BF26F1349B0012EA0C /* MainDataFlow.swift */,
				80A0098926D52C31008DB344 /* View */,
				80A00A0026D67275008DB344 /* Provider */,
			);
			path = MainScreen;
			sourceTree = "<group>";
		};
		8080499C26FDB2CB001BDA88 /* DetailsScreen */ = {
			isa = PBXGroup;
			children = (
				8080499D26FDB7E1001BDA88 /* DetailsViewController.swift */,
				8080499F26FDB82E001BDA88 /* DetailsInteractor.swift */,
				808049A126FDB83B001BDA88 /* DetailsPresenter.swift */,
				8078201F270B01E400F725CD /* DetailsDataFlow.swift */,
				8078201A27032B1D00F725CD /* View */,
				80782022270B02FA00F725CD /* Provider */,
			);
			path = DetailsScreen;
			sourceTree = "<group>";
		};
		8093B38526D3E04900B5F77A = {
			isa = PBXGroup;
			children = (
				8093B39026D3E04900B5F77A /* stock-exchange */,
				8093B3AA26D3E04A00B5F77A /* stock-exchangeTests */,
				8093B3B526D3E04A00B5F77A /* stock-exchangeUITests */,
				8093B38F26D3E04900B5F77A /* Products */,
				EB9E4D59968D12F7C16FA651 /* Pods */,
				1071C96656CA7B195131C252 /* Frameworks */,
			);
			sourceTree = "<group>";
		};
		8093B38F26D3E04900B5F77A /* Products */ = {
			isa = PBXGroup;
			children = (
				8093B38E26D3E04900B5F77A /* stock-exchange.app */,
				8093B3A726D3E04A00B5F77A /* stock-exchangeTests.xctest */,
				8093B3B226D3E04A00B5F77A /* stock-exchangeUITests.xctest */,
			);
			name = Products;
			sourceTree = "<group>";
		};
		8093B39026D3E04900B5F77A /* stock-exchange */ = {
			isa = PBXGroup;
			children = (
				8080499B26FDB2B6001BDA88 /* MainScreen */,
				8080499C26FDB2CB001BDA88 /* DetailsScreen */,
				8062AC8F26FE2F53003F3B80 /* Common */,
				8093B39126D3E04900B5F77A /* AppDelegate.swift */,
				8093B39326D3E04900B5F77A /* SceneDelegate.swift */,
				8093B39D26D3E04A00B5F77A /* Assets.xcassets */,
				8093B39F26D3E04A00B5F77A /* LaunchScreen.storyboard */,
				8093B3A226D3E04A00B5F77A /* Info.plist */,
				8093B39A26D3E04900B5F77A /* stock_exchange.xcdatamodeld */,
			);
			path = "stock-exchange";
			sourceTree = "<group>";
		};
		8093B3AA26D3E04A00B5F77A /* stock-exchangeTests */ = {
			isa = PBXGroup;
			children = (
				8093B3AB26D3E04A00B5F77A /* stock_exchangeTests.swift */,
				8093B3AD26D3E04A00B5F77A /* Info.plist */,
			);
			path = "stock-exchangeTests";
			sourceTree = "<group>";
		};
		8093B3B526D3E04A00B5F77A /* stock-exchangeUITests */ = {
			isa = PBXGroup;
			children = (
				8093B3B626D3E04A00B5F77A /* stock_exchangeUITests.swift */,
				8093B3B826D3E04A00B5F77A /* Info.plist */,
			);
			path = "stock-exchangeUITests";
			sourceTree = "<group>";
		};
		80A0098526D52C12008DB344 /* Models */ = {
			isa = PBXGroup;
			children = (
				808049A526FE19A3001BDA88 /* QuoteDataStore.swift */,
			);
			path = Models;
			sourceTree = "<group>";
		};
		80A0098926D52C31008DB344 /* View */ = {
			isa = PBXGroup;
			children = (
				8067C36826F3576B002A96B0 /* MainTableViewCell.swift */,
				8080499926FCB85D001BDA88 /* MainCollectionTableViewCell.swift */,
				80303DDB26FA0F950017F13B /* MainCollectionViewCell.swift */,
				809EB5B926F12D4C0012EA0C /* MainView.swift */,
				809EB5C126F13E9B0012EA0C /* MainTableManager.swift */,
				80303DDF26FA13CB0017F13B /* MainCollectionManager.swift */,
			);
			path = View;
			sourceTree = "<group>";
		};
		80A00A0026D67275008DB344 /* Provider */ = {
			isa = PBXGroup;
			children = (
				80A00A0326D672ED008DB344 /* MainService.swift */,
				80A00A0526D672F9008DB344 /* MainProvider.swift */,
			);
			path = Provider;
			sourceTree = "<group>";
		};
		80BD0892272EC20000B2877E /* View */ = {
			isa = PBXGroup;
			children = (
				80A00A0F26D6C06E008DB344 /* CustomLabel.swift */,
				80BD0893272EC20E00B2877E /* LogoBox.swift */,
			);
			path = View;
			sourceTree = "<group>";
		};
		EB9E4D59968D12F7C16FA651 /* Pods */ = {
			isa = PBXGroup;
			children = (
				E936F77DD3FC5B4E7E04C799 /* Pods-stock-exchange.debug.xcconfig */,
				87BDD6CC211140E9E0097403 /* Pods-stock-exchange.release.xcconfig */,
				D8265026F0CD69483B623257 /* Pods-stock-exchange-stock-exchangeUITests.debug.xcconfig */,
				F752BA442C32EAD2A963D861 /* Pods-stock-exchange-stock-exchangeUITests.release.xcconfig */,
				78D63AAFB04246F7A0A01EE9 /* Pods-stock-exchangeTests.debug.xcconfig */,
				85B0CBCB5546FB55EED6FB05 /* Pods-stock-exchangeTests.release.xcconfig */,
			);
			path = Pods;
			sourceTree = "<group>";
		};
/* End PBXGroup section */

/* Begin PBXNativeTarget section */
		8093B38D26D3E04900B5F77A /* stock-exchange */ = {
			isa = PBXNativeTarget;
			buildConfigurationList = 8093B3BB26D3E04A00B5F77A /* Build configuration list for PBXNativeTarget "stock-exchange" */;
			buildPhases = (
				57AA85EEFE34A59670FAC886 /* [CP] Check Pods Manifest.lock */,
				8093B38A26D3E04900B5F77A /* Sources */,
				8093B38B26D3E04900B5F77A /* Frameworks */,
				8093B38C26D3E04900B5F77A /* Resources */,
				8CCB0A44C61FE5CFED008756 /* [CP] Embed Pods Frameworks */,
			);
			buildRules = (
			);
			dependencies = (
			);
			name = "stock-exchange";
			productName = "stock-exchange";
			productReference = 8093B38E26D3E04900B5F77A /* stock-exchange.app */;
			productType = "com.apple.product-type.application";
		};
		8093B3A626D3E04A00B5F77A /* stock-exchangeTests */ = {
			isa = PBXNativeTarget;
			buildConfigurationList = 8093B3BE26D3E04A00B5F77A /* Build configuration list for PBXNativeTarget "stock-exchangeTests" */;
			buildPhases = (
				6466E86005ABF8955BDCCD06 /* [CP] Check Pods Manifest.lock */,
				8093B3A326D3E04A00B5F77A /* Sources */,
				8093B3A426D3E04A00B5F77A /* Frameworks */,
				8093B3A526D3E04A00B5F77A /* Resources */,
			);
			buildRules = (
			);
			dependencies = (
				8093B3A926D3E04A00B5F77A /* PBXTargetDependency */,
			);
			name = "stock-exchangeTests";
			productName = "stock-exchangeTests";
			productReference = 8093B3A726D3E04A00B5F77A /* stock-exchangeTests.xctest */;
			productType = "com.apple.product-type.bundle.unit-test";
		};
		8093B3B126D3E04A00B5F77A /* stock-exchangeUITests */ = {
			isa = PBXNativeTarget;
			buildConfigurationList = 8093B3C126D3E04A00B5F77A /* Build configuration list for PBXNativeTarget "stock-exchangeUITests" */;
			buildPhases = (
				1439B5AB194CA7CFDFD2CCB2 /* [CP] Check Pods Manifest.lock */,
				8093B3AE26D3E04A00B5F77A /* Sources */,
				8093B3AF26D3E04A00B5F77A /* Frameworks */,
				8093B3B026D3E04A00B5F77A /* Resources */,
				5CF91A19C31EB2FC668A6F4B /* [CP] Embed Pods Frameworks */,
			);
			buildRules = (
			);
			dependencies = (
				8093B3B426D3E04A00B5F77A /* PBXTargetDependency */,
			);
			name = "stock-exchangeUITests";
			productName = "stock-exchangeUITests";
			productReference = 8093B3B226D3E04A00B5F77A /* stock-exchangeUITests.xctest */;
			productType = "com.apple.product-type.bundle.ui-testing";
		};
/* End PBXNativeTarget section */

/* Begin PBXProject section */
		8093B38626D3E04900B5F77A /* Project object */ = {
			isa = PBXProject;
			attributes = {
				LastSwiftUpdateCheck = 1250;
				LastUpgradeCheck = 1250;
				TargetAttributes = {
					8093B38D26D3E04900B5F77A = {
						CreatedOnToolsVersion = 12.5.1;
					};
					8093B3A626D3E04A00B5F77A = {
						CreatedOnToolsVersion = 12.5.1;
						TestTargetID = 8093B38D26D3E04900B5F77A;
					};
					8093B3B126D3E04A00B5F77A = {
						CreatedOnToolsVersion = 12.5.1;
						TestTargetID = 8093B38D26D3E04900B5F77A;
					};
				};
			};
			buildConfigurationList = 8093B38926D3E04900B5F77A /* Build configuration list for PBXProject "stock-exchange" */;
			compatibilityVersion = "Xcode 9.3";
			developmentRegion = en;
			hasScannedForEncodings = 0;
			knownRegions = (
				en,
				Base,
			);
			mainGroup = 8093B38526D3E04900B5F77A;
			productRefGroup = 8093B38F26D3E04900B5F77A /* Products */;
			projectDirPath = "";
			projectRoot = "";
			targets = (
				8093B38D26D3E04900B5F77A /* stock-exchange */,
				8093B3A626D3E04A00B5F77A /* stock-exchangeTests */,
				8093B3B126D3E04A00B5F77A /* stock-exchangeUITests */,
			);
		};
/* End PBXProject section */

/* Begin PBXResourcesBuildPhase section */
		8093B38C26D3E04900B5F77A /* Resources */ = {
			isa = PBXResourcesBuildPhase;
			buildActionMask = 2147483647;
			files = (
				8093B3A126D3E04A00B5F77A /* LaunchScreen.storyboard in Resources */,
				8093B39E26D3E04A00B5F77A /* Assets.xcassets in Resources */,
			);
			runOnlyForDeploymentPostprocessing = 0;
		};
		8093B3A526D3E04A00B5F77A /* Resources */ = {
			isa = PBXResourcesBuildPhase;
			buildActionMask = 2147483647;
			files = (
			);
			runOnlyForDeploymentPostprocessing = 0;
		};
		8093B3B026D3E04A00B5F77A /* Resources */ = {
			isa = PBXResourcesBuildPhase;
			buildActionMask = 2147483647;
			files = (
			);
			runOnlyForDeploymentPostprocessing = 0;
		};
/* End PBXResourcesBuildPhase section */

/* Begin PBXShellScriptBuildPhase section */
		1439B5AB194CA7CFDFD2CCB2 /* [CP] Check Pods Manifest.lock */ = {
			isa = PBXShellScriptBuildPhase;
			buildActionMask = 2147483647;
			files = (
			);
			inputFileListPaths = (
			);
			inputPaths = (
				"${PODS_PODFILE_DIR_PATH}/Podfile.lock",
				"${PODS_ROOT}/Manifest.lock",
			);
			name = "[CP] Check Pods Manifest.lock";
			outputFileListPaths = (
			);
			outputPaths = (
				"$(DERIVED_FILE_DIR)/Pods-stock-exchange-stock-exchangeUITests-checkManifestLockResult.txt",
			);
			runOnlyForDeploymentPostprocessing = 0;
			shellPath = /bin/sh;
			shellScript = "diff \"${PODS_PODFILE_DIR_PATH}/Podfile.lock\" \"${PODS_ROOT}/Manifest.lock\" > /dev/null\nif [ $? != 0 ] ; then\n    # print error to STDERR\n    echo \"error: The sandbox is not in sync with the Podfile.lock. Run 'pod install' or update your CocoaPods installation.\" >&2\n    exit 1\nfi\n# This output is used by Xcode 'outputs' to avoid re-running this script phase.\necho \"SUCCESS\" > \"${SCRIPT_OUTPUT_FILE_0}\"\n";
			showEnvVarsInLog = 0;
		};
		57AA85EEFE34A59670FAC886 /* [CP] Check Pods Manifest.lock */ = {
			isa = PBXShellScriptBuildPhase;
			buildActionMask = 2147483647;
			files = (
			);
			inputFileListPaths = (
			);
			inputPaths = (
				"${PODS_PODFILE_DIR_PATH}/Podfile.lock",
				"${PODS_ROOT}/Manifest.lock",
			);
			name = "[CP] Check Pods Manifest.lock";
			outputFileListPaths = (
			);
			outputPaths = (
				"$(DERIVED_FILE_DIR)/Pods-stock-exchange-checkManifestLockResult.txt",
			);
			runOnlyForDeploymentPostprocessing = 0;
			shellPath = /bin/sh;
			shellScript = "diff \"${PODS_PODFILE_DIR_PATH}/Podfile.lock\" \"${PODS_ROOT}/Manifest.lock\" > /dev/null\nif [ $? != 0 ] ; then\n    # print error to STDERR\n    echo \"error: The sandbox is not in sync with the Podfile.lock. Run 'pod install' or update your CocoaPods installation.\" >&2\n    exit 1\nfi\n# This output is used by Xcode 'outputs' to avoid re-running this script phase.\necho \"SUCCESS\" > \"${SCRIPT_OUTPUT_FILE_0}\"\n";
			showEnvVarsInLog = 0;
		};
		5CF91A19C31EB2FC668A6F4B /* [CP] Embed Pods Frameworks */ = {
			isa = PBXShellScriptBuildPhase;
			buildActionMask = 2147483647;
			files = (
			);
			inputFileListPaths = (
				"${PODS_ROOT}/Target Support Files/Pods-stock-exchange-stock-exchangeUITests/Pods-stock-exchange-stock-exchangeUITests-frameworks-${CONFIGURATION}-input-files.xcfilelist",
			);
			name = "[CP] Embed Pods Frameworks";
			outputFileListPaths = (
				"${PODS_ROOT}/Target Support Files/Pods-stock-exchange-stock-exchangeUITests/Pods-stock-exchange-stock-exchangeUITests-frameworks-${CONFIGURATION}-output-files.xcfilelist",
			);
			runOnlyForDeploymentPostprocessing = 0;
			shellPath = /bin/sh;
			shellScript = "\"${PODS_ROOT}/Target Support Files/Pods-stock-exchange-stock-exchangeUITests/Pods-stock-exchange-stock-exchangeUITests-frameworks.sh\"\n";
			showEnvVarsInLog = 0;
		};
		6466E86005ABF8955BDCCD06 /* [CP] Check Pods Manifest.lock */ = {
			isa = PBXShellScriptBuildPhase;
			buildActionMask = 2147483647;
			files = (
			);
			inputFileListPaths = (
			);
			inputPaths = (
				"${PODS_PODFILE_DIR_PATH}/Podfile.lock",
				"${PODS_ROOT}/Manifest.lock",
			);
			name = "[CP] Check Pods Manifest.lock";
			outputFileListPaths = (
			);
			outputPaths = (
				"$(DERIVED_FILE_DIR)/Pods-stock-exchangeTests-checkManifestLockResult.txt",
			);
			runOnlyForDeploymentPostprocessing = 0;
			shellPath = /bin/sh;
			shellScript = "diff \"${PODS_PODFILE_DIR_PATH}/Podfile.lock\" \"${PODS_ROOT}/Manifest.lock\" > /dev/null\nif [ $? != 0 ] ; then\n    # print error to STDERR\n    echo \"error: The sandbox is not in sync with the Podfile.lock. Run 'pod install' or update your CocoaPods installation.\" >&2\n    exit 1\nfi\n# This output is used by Xcode 'outputs' to avoid re-running this script phase.\necho \"SUCCESS\" > \"${SCRIPT_OUTPUT_FILE_0}\"\n";
			showEnvVarsInLog = 0;
		};
		8CCB0A44C61FE5CFED008756 /* [CP] Embed Pods Frameworks */ = {
			isa = PBXShellScriptBuildPhase;
			buildActionMask = 2147483647;
			files = (
			);
			inputFileListPaths = (
				"${PODS_ROOT}/Target Support Files/Pods-stock-exchange/Pods-stock-exchange-frameworks-${CONFIGURATION}-input-files.xcfilelist",
			);
			name = "[CP] Embed Pods Frameworks";
			outputFileListPaths = (
				"${PODS_ROOT}/Target Support Files/Pods-stock-exchange/Pods-stock-exchange-frameworks-${CONFIGURATION}-output-files.xcfilelist",
			);
			runOnlyForDeploymentPostprocessing = 0;
			shellPath = /bin/sh;
			shellScript = "\"${PODS_ROOT}/Target Support Files/Pods-stock-exchange/Pods-stock-exchange-frameworks.sh\"\n";
			showEnvVarsInLog = 0;
		};
/* End PBXShellScriptBuildPhase section */

/* Begin PBXSourcesBuildPhase section */
		8093B38A26D3E04900B5F77A /* Sources */ = {
			isa = PBXSourcesBuildPhase;
			buildActionMask = 2147483647;
			files = (
				808049A426FE0873001BDA88 /* MainScreenRouter.swift in Sources */,
				80782024270B030E00F725CD /* DetailsProvider.swift in Sources */,
				809EB5C426F144D40012EA0C /* MainFactory.swift in Sources */,
				80303DDC26FA0F950017F13B /* MainCollectionViewCell.swift in Sources */,
				8093B39626D3E04900B5F77A /* MainViewController.swift in Sources */,
				80A00A1026D6C06E008DB344 /* CustomLabel.swift in Sources */,
				8078201C27046D9900F725CD /* DetailsView.swift in Sources */,
				80782020270B01E400F725CD /* DetailsDataFlow.swift in Sources */,
				8093B39C26D3E04900B5F77A /* stock_exchange.xcdatamodeld in Sources */,
				80A00A0426D672EE008DB344 /* MainService.swift in Sources */,
				809EB5C226F13E9B0012EA0C /* MainTableManager.swift in Sources */,
				8080499A26FCB85D001BDA88 /* MainCollectionTableViewCell.swift in Sources */,
				8093B39226D3E04900B5F77A /* AppDelegate.swift in Sources */,
				809EB5BC26F132650012EA0C /* MainInteractor.swift in Sources */,
				80303DE026FA13CB0017F13B /* MainCollectionManager.swift in Sources */,
				809EB5BA26F12D4C0012EA0C /* MainView.swift in Sources */,
				8067C36926F3576B002A96B0 /* MainTableViewCell.swift in Sources */,
				8080499E26FDB7E1001BDA88 /* DetailsViewController.swift in Sources */,
				80BD0894272EC20E00B2877E /* LogoBox.swift in Sources */,
				808049A026FDB82E001BDA88 /* DetailsInteractor.swift in Sources */,
				809EB5BE26F133320012EA0C /* MainPresenter.swift in Sources */,
				808049A226FDB83B001BDA88 /* DetailsPresenter.swift in Sources */,
				809EB5C026F1349B0012EA0C /* MainDataFlow.swift in Sources */,
				808049A626FE19A3001BDA88 /* QuoteDataStore.swift in Sources */,
				80A00A0626D672F9008DB344 /* MainProvider.swift in Sources */,
				8093B39426D3E04900B5F77A /* SceneDelegate.swift in Sources */,
			);
			runOnlyForDeploymentPostprocessing = 0;
		};
		8093B3A326D3E04A00B5F77A /* Sources */ = {
			isa = PBXSourcesBuildPhase;
			buildActionMask = 2147483647;
			files = (
				8093B3AC26D3E04A00B5F77A /* stock_exchangeTests.swift in Sources */,
			);
			runOnlyForDeploymentPostprocessing = 0;
		};
		8093B3AE26D3E04A00B5F77A /* Sources */ = {
			isa = PBXSourcesBuildPhase;
			buildActionMask = 2147483647;
			files = (
				8093B3B726D3E04A00B5F77A /* stock_exchangeUITests.swift in Sources */,
			);
			runOnlyForDeploymentPostprocessing = 0;
		};
/* End PBXSourcesBuildPhase section */

/* Begin PBXTargetDependency section */
		8093B3A926D3E04A00B5F77A /* PBXTargetDependency */ = {
			isa = PBXTargetDependency;
			target = 8093B38D26D3E04900B5F77A /* stock-exchange */;
			targetProxy = 8093B3A826D3E04A00B5F77A /* PBXContainerItemProxy */;
		};
		8093B3B426D3E04A00B5F77A /* PBXTargetDependency */ = {
			isa = PBXTargetDependency;
			target = 8093B38D26D3E04900B5F77A /* stock-exchange */;
			targetProxy = 8093B3B326D3E04A00B5F77A /* PBXContainerItemProxy */;
		};
/* End PBXTargetDependency section */

/* Begin PBXVariantGroup section */
		8093B39F26D3E04A00B5F77A /* LaunchScreen.storyboard */ = {
			isa = PBXVariantGroup;
			children = (
				8093B3A026D3E04A00B5F77A /* Base */,
			);
			name = LaunchScreen.storyboard;
			sourceTree = "<group>";
		};
/* End PBXVariantGroup section */

/* Begin XCBuildConfiguration section */
		8093B3B926D3E04A00B5F77A /* Debug */ = {
			isa = XCBuildConfiguration;
			buildSettings = {
				ALWAYS_SEARCH_USER_PATHS = NO;
				CLANG_ANALYZER_NONNULL = YES;
				CLANG_ANALYZER_NUMBER_OBJECT_CONVERSION = YES_AGGRESSIVE;
				CLANG_CXX_LANGUAGE_STANDARD = "gnu++14";
				CLANG_CXX_LIBRARY = "libc++";
				CLANG_ENABLE_MODULES = YES;
				CLANG_ENABLE_OBJC_ARC = YES;
				CLANG_ENABLE_OBJC_WEAK = YES;
				CLANG_WARN_BLOCK_CAPTURE_AUTORELEASING = YES;
				CLANG_WARN_BOOL_CONVERSION = YES;
				CLANG_WARN_COMMA = YES;
				CLANG_WARN_CONSTANT_CONVERSION = YES;
				CLANG_WARN_DEPRECATED_OBJC_IMPLEMENTATIONS = YES;
				CLANG_WARN_DIRECT_OBJC_ISA_USAGE = YES_ERROR;
				CLANG_WARN_DOCUMENTATION_COMMENTS = YES;
				CLANG_WARN_EMPTY_BODY = YES;
				CLANG_WARN_ENUM_CONVERSION = YES;
				CLANG_WARN_INFINITE_RECURSION = YES;
				CLANG_WARN_INT_CONVERSION = YES;
				CLANG_WARN_NON_LITERAL_NULL_CONVERSION = YES;
				CLANG_WARN_OBJC_IMPLICIT_RETAIN_SELF = YES;
				CLANG_WARN_OBJC_LITERAL_CONVERSION = YES;
				CLANG_WARN_OBJC_ROOT_CLASS = YES_ERROR;
				CLANG_WARN_QUOTED_INCLUDE_IN_FRAMEWORK_HEADER = YES;
				CLANG_WARN_RANGE_LOOP_ANALYSIS = YES;
				CLANG_WARN_STRICT_PROTOTYPES = YES;
				CLANG_WARN_SUSPICIOUS_MOVE = YES;
				CLANG_WARN_UNGUARDED_AVAILABILITY = YES_AGGRESSIVE;
				CLANG_WARN_UNREACHABLE_CODE = YES;
				CLANG_WARN__DUPLICATE_METHOD_MATCH = YES;
				COPY_PHASE_STRIP = NO;
				DEBUG_INFORMATION_FORMAT = dwarf;
				ENABLE_STRICT_OBJC_MSGSEND = YES;
				ENABLE_TESTABILITY = YES;
				GCC_C_LANGUAGE_STANDARD = gnu11;
				GCC_DYNAMIC_NO_PIC = NO;
				GCC_NO_COMMON_BLOCKS = YES;
				GCC_OPTIMIZATION_LEVEL = 0;
				GCC_PREPROCESSOR_DEFINITIONS = (
					"DEBUG=1",
					"$(inherited)",
				);
				GCC_WARN_64_TO_32_BIT_CONVERSION = YES;
				GCC_WARN_ABOUT_RETURN_TYPE = YES_ERROR;
				GCC_WARN_UNDECLARED_SELECTOR = YES;
				GCC_WARN_UNINITIALIZED_AUTOS = YES_AGGRESSIVE;
				GCC_WARN_UNUSED_FUNCTION = YES;
				GCC_WARN_UNUSED_VARIABLE = YES;
				IPHONEOS_DEPLOYMENT_TARGET = 14.5;
				MTL_ENABLE_DEBUG_INFO = INCLUDE_SOURCE;
				MTL_FAST_MATH = YES;
				ONLY_ACTIVE_ARCH = YES;
				SDKROOT = iphoneos;
				SWIFT_ACTIVE_COMPILATION_CONDITIONS = DEBUG;
				SWIFT_OPTIMIZATION_LEVEL = "-Onone";
			};
			name = Debug;
		};
		8093B3BA26D3E04A00B5F77A /* Release */ = {
			isa = XCBuildConfiguration;
			buildSettings = {
				ALWAYS_SEARCH_USER_PATHS = NO;
				CLANG_ANALYZER_NONNULL = YES;
				CLANG_ANALYZER_NUMBER_OBJECT_CONVERSION = YES_AGGRESSIVE;
				CLANG_CXX_LANGUAGE_STANDARD = "gnu++14";
				CLANG_CXX_LIBRARY = "libc++";
				CLANG_ENABLE_MODULES = YES;
				CLANG_ENABLE_OBJC_ARC = YES;
				CLANG_ENABLE_OBJC_WEAK = YES;
				CLANG_WARN_BLOCK_CAPTURE_AUTORELEASING = YES;
				CLANG_WARN_BOOL_CONVERSION = YES;
				CLANG_WARN_COMMA = YES;
				CLANG_WARN_CONSTANT_CONVERSION = YES;
				CLANG_WARN_DEPRECATED_OBJC_IMPLEMENTATIONS = YES;
				CLANG_WARN_DIRECT_OBJC_ISA_USAGE = YES_ERROR;
				CLANG_WARN_DOCUMENTATION_COMMENTS = YES;
				CLANG_WARN_EMPTY_BODY = YES;
				CLANG_WARN_ENUM_CONVERSION = YES;
				CLANG_WARN_INFINITE_RECURSION = YES;
				CLANG_WARN_INT_CONVERSION = YES;
				CLANG_WARN_NON_LITERAL_NULL_CONVERSION = YES;
				CLANG_WARN_OBJC_IMPLICIT_RETAIN_SELF = YES;
				CLANG_WARN_OBJC_LITERAL_CONVERSION = YES;
				CLANG_WARN_OBJC_ROOT_CLASS = YES_ERROR;
				CLANG_WARN_QUOTED_INCLUDE_IN_FRAMEWORK_HEADER = YES;
				CLANG_WARN_RANGE_LOOP_ANALYSIS = YES;
				CLANG_WARN_STRICT_PROTOTYPES = YES;
				CLANG_WARN_SUSPICIOUS_MOVE = YES;
				CLANG_WARN_UNGUARDED_AVAILABILITY = YES_AGGRESSIVE;
				CLANG_WARN_UNREACHABLE_CODE = YES;
				CLANG_WARN__DUPLICATE_METHOD_MATCH = YES;
				COPY_PHASE_STRIP = NO;
				DEBUG_INFORMATION_FORMAT = "dwarf-with-dsym";
				ENABLE_NS_ASSERTIONS = NO;
				ENABLE_STRICT_OBJC_MSGSEND = YES;
				GCC_C_LANGUAGE_STANDARD = gnu11;
				GCC_NO_COMMON_BLOCKS = YES;
				GCC_WARN_64_TO_32_BIT_CONVERSION = YES;
				GCC_WARN_ABOUT_RETURN_TYPE = YES_ERROR;
				GCC_WARN_UNDECLARED_SELECTOR = YES;
				GCC_WARN_UNINITIALIZED_AUTOS = YES_AGGRESSIVE;
				GCC_WARN_UNUSED_FUNCTION = YES;
				GCC_WARN_UNUSED_VARIABLE = YES;
				IPHONEOS_DEPLOYMENT_TARGET = 14.5;
				MTL_ENABLE_DEBUG_INFO = NO;
				MTL_FAST_MATH = YES;
				SDKROOT = iphoneos;
				SWIFT_COMPILATION_MODE = wholemodule;
				SWIFT_OPTIMIZATION_LEVEL = "-O";
				VALIDATE_PRODUCT = YES;
			};
			name = Release;
		};
		8093B3BC26D3E04A00B5F77A /* Debug */ = {
			isa = XCBuildConfiguration;
			baseConfigurationReference = E936F77DD3FC5B4E7E04C799 /* Pods-stock-exchange.debug.xcconfig */;
			buildSettings = {
				ASSETCATALOG_COMPILER_APPICON_NAME = AppIcon;
				ASSETCATALOG_COMPILER_GLOBAL_ACCENT_COLOR_NAME = AccentColor;
				CODE_SIGN_STYLE = Automatic;
				DEVELOPMENT_TEAM = D26CPWG89A;
				INFOPLIST_FILE = "stock-exchange/Info.plist";
				LD_RUNPATH_SEARCH_PATHS = (
					"$(inherited)",
					"@executable_path/Frameworks",
				);
				PRODUCT_BUNDLE_IDENTIFIER = "tenski.stock-exchange";
				PRODUCT_NAME = "$(TARGET_NAME)";
				SWIFT_VERSION = 5.0;
				TARGETED_DEVICE_FAMILY = "1,2";
			};
			name = Debug;
		};
		8093B3BD26D3E04A00B5F77A /* Release */ = {
			isa = XCBuildConfiguration;
			baseConfigurationReference = 87BDD6CC211140E9E0097403 /* Pods-stock-exchange.release.xcconfig */;
			buildSettings = {
				ASSETCATALOG_COMPILER_APPICON_NAME = AppIcon;
				ASSETCATALOG_COMPILER_GLOBAL_ACCENT_COLOR_NAME = AccentColor;
				CODE_SIGN_STYLE = Automatic;
				DEVELOPMENT_TEAM = D26CPWG89A;
				INFOPLIST_FILE = "stock-exchange/Info.plist";
				LD_RUNPATH_SEARCH_PATHS = (
					"$(inherited)",
					"@executable_path/Frameworks",
				);
				PRODUCT_BUNDLE_IDENTIFIER = "tenski.stock-exchange";
				PRODUCT_NAME = "$(TARGET_NAME)";
				SWIFT_VERSION = 5.0;
				TARGETED_DEVICE_FAMILY = "1,2";
			};
			name = Release;
		};
		8093B3BF26D3E04A00B5F77A /* Debug */ = {
			isa = XCBuildConfiguration;
			baseConfigurationReference = 78D63AAFB04246F7A0A01EE9 /* Pods-stock-exchangeTests.debug.xcconfig */;
			buildSettings = {
				ALWAYS_EMBED_SWIFT_STANDARD_LIBRARIES = YES;
				BUNDLE_LOADER = "$(TEST_HOST)";
				CODE_SIGN_STYLE = Automatic;
				DEVELOPMENT_TEAM = D26CPWG89A;
				INFOPLIST_FILE = "stock-exchangeTests/Info.plist";
				IPHONEOS_DEPLOYMENT_TARGET = 14.5;
				LD_RUNPATH_SEARCH_PATHS = (
					"$(inherited)",
					"@executable_path/Frameworks",
					"@loader_path/Frameworks",
				);
				PRODUCT_BUNDLE_IDENTIFIER = "tenski.stock-exchangeTests";
				PRODUCT_NAME = "$(TARGET_NAME)";
				SWIFT_VERSION = 5.0;
				TARGETED_DEVICE_FAMILY = "1,2";
				TEST_HOST = "$(BUILT_PRODUCTS_DIR)/stock-exchange.app/stock-exchange";
			};
			name = Debug;
		};
		8093B3C026D3E04A00B5F77A /* Release */ = {
			isa = XCBuildConfiguration;
			baseConfigurationReference = 85B0CBCB5546FB55EED6FB05 /* Pods-stock-exchangeTests.release.xcconfig */;
			buildSettings = {
				ALWAYS_EMBED_SWIFT_STANDARD_LIBRARIES = YES;
				BUNDLE_LOADER = "$(TEST_HOST)";
				CODE_SIGN_STYLE = Automatic;
				DEVELOPMENT_TEAM = D26CPWG89A;
				INFOPLIST_FILE = "stock-exchangeTests/Info.plist";
				IPHONEOS_DEPLOYMENT_TARGET = 14.5;
				LD_RUNPATH_SEARCH_PATHS = (
					"$(inherited)",
					"@executable_path/Frameworks",
					"@loader_path/Frameworks",
				);
				PRODUCT_BUNDLE_IDENTIFIER = "tenski.stock-exchangeTests";
				PRODUCT_NAME = "$(TARGET_NAME)";
				SWIFT_VERSION = 5.0;
				TARGETED_DEVICE_FAMILY = "1,2";
				TEST_HOST = "$(BUILT_PRODUCTS_DIR)/stock-exchange.app/stock-exchange";
			};
			name = Release;
		};
		8093B3C226D3E04A00B5F77A /* Debug */ = {
			isa = XCBuildConfiguration;
			baseConfigurationReference = D8265026F0CD69483B623257 /* Pods-stock-exchange-stock-exchangeUITests.debug.xcconfig */;
			buildSettings = {
				ALWAYS_EMBED_SWIFT_STANDARD_LIBRARIES = YES;
				CODE_SIGN_STYLE = Automatic;
				DEVELOPMENT_TEAM = D26CPWG89A;
				INFOPLIST_FILE = "stock-exchangeUITests/Info.plist";
				LD_RUNPATH_SEARCH_PATHS = (
					"$(inherited)",
					"@executable_path/Frameworks",
					"@loader_path/Frameworks",
				);
				PRODUCT_BUNDLE_IDENTIFIER = "tenski.stock-exchangeUITests";
				PRODUCT_NAME = "$(TARGET_NAME)";
				SWIFT_VERSION = 5.0;
				TARGETED_DEVICE_FAMILY = "1,2";
				TEST_TARGET_NAME = "stock-exchange";
			};
			name = Debug;
		};
		8093B3C326D3E04A00B5F77A /* Release */ = {
			isa = XCBuildConfiguration;
			baseConfigurationReference = F752BA442C32EAD2A963D861 /* Pods-stock-exchange-stock-exchangeUITests.release.xcconfig */;
			buildSettings = {
				ALWAYS_EMBED_SWIFT_STANDARD_LIBRARIES = YES;
				CODE_SIGN_STYLE = Automatic;
				DEVELOPMENT_TEAM = D26CPWG89A;
				INFOPLIST_FILE = "stock-exchangeUITests/Info.plist";
				LD_RUNPATH_SEARCH_PATHS = (
					"$(inherited)",
					"@executable_path/Frameworks",
					"@loader_path/Frameworks",
				);
				PRODUCT_BUNDLE_IDENTIFIER = "tenski.stock-exchangeUITests";
				PRODUCT_NAME = "$(TARGET_NAME)";
				SWIFT_VERSION = 5.0;
				TARGETED_DEVICE_FAMILY = "1,2";
				TEST_TARGET_NAME = "stock-exchange";
			};
			name = Release;
		};
/* End XCBuildConfiguration section */

/* Begin XCConfigurationList section */
		8093B38926D3E04900B5F77A /* Build configuration list for PBXProject "stock-exchange" */ = {
			isa = XCConfigurationList;
			buildConfigurations = (
				8093B3B926D3E04A00B5F77A /* Debug */,
				8093B3BA26D3E04A00B5F77A /* Release */,
			);
			defaultConfigurationIsVisible = 0;
			defaultConfigurationName = Release;
		};
		8093B3BB26D3E04A00B5F77A /* Build configuration list for PBXNativeTarget "stock-exchange" */ = {
			isa = XCConfigurationList;
			buildConfigurations = (
				8093B3BC26D3E04A00B5F77A /* Debug */,
				8093B3BD26D3E04A00B5F77A /* Release */,
			);
			defaultConfigurationIsVisible = 0;
			defaultConfigurationName = Release;
		};
		8093B3BE26D3E04A00B5F77A /* Build configuration list for PBXNativeTarget "stock-exchangeTests" */ = {
			isa = XCConfigurationList;
			buildConfigurations = (
				8093B3BF26D3E04A00B5F77A /* Debug */,
				8093B3C026D3E04A00B5F77A /* Release */,
			);
			defaultConfigurationIsVisible = 0;
			defaultConfigurationName = Release;
		};
		8093B3C126D3E04A00B5F77A /* Build configuration list for PBXNativeTarget "stock-exchangeUITests" */ = {
			isa = XCConfigurationList;
			buildConfigurations = (
				8093B3C226D3E04A00B5F77A /* Debug */,
				8093B3C326D3E04A00B5F77A /* Release */,
			);
			defaultConfigurationIsVisible = 0;
			defaultConfigurationName = Release;
		};
/* End XCConfigurationList section */

/* Begin XCVersionGroup section */
		8093B39A26D3E04900B5F77A /* stock_exchange.xcdatamodeld */ = {
			isa = XCVersionGroup;
			children = (
				8093B39B26D3E04900B5F77A /* stock_exchange.xcdatamodel */,
			);
			currentVersion = 8093B39B26D3E04900B5F77A /* stock_exchange.xcdatamodel */;
			path = stock_exchange.xcdatamodeld;
			sourceTree = "<group>";
			versionGroupType = wrapper.xcdatamodel;
		};
/* End XCVersionGroup section */
	};
	rootObject = 8093B38626D3E04900B5F77A /* Project object */;
}
